# THIS IS AN AUTOGENERATED FILE. DO NOT EDIT THIS FILE DIRECTLY.
# yarn lockfile v1


"@types/serviceworker@^0.0.54":
  version "0.0.54"
  resolved "https://registry.yarnpkg.com/@types/serviceworker/-/serviceworker-0.0.54.tgz#fc160b514d27a1cc5c32149b53b6a934e3a1ccdb"
  integrity sha512-50qlo1mWGqRTyVb4bDAR1ebDq7/n5bYQKZXCtJuCBpEd9fnqJSX4VRLyw+8TaZsqSRo5y/NWkc9a9dB0iErbPA==

typescript@^4.8.4:
  version "4.8.4"
  resolved "https://registry.yarnpkg.com/typescript/-/typescript-4.8.4.tgz#c464abca159669597be5f96b8943500b238e60e6"
  integrity sha512-QCh+85mCy+h0IGff8r5XWzOVSbBO+KfeYrMQh7NJ58QujwcE22u+NUSmUxqF+un70P9GXKxa2HCNiTTMJknyjQ==
